<?xml version="1.0" encoding="utf-8"?>
<Project ToolsVersion="4.0" xmlns="http://schemas.microsoft.com/developer/msbuild/2003">
  <ItemGroup>
    <Filter Include="Source Files">
      <UniqueIdentifier>{4FC737F1-C7A5-4376-A066-2A32D752A2FF}</UniqueIdentifier>
      <Extensions>cpp;c;cc;cxx;c++;cppm;ixx;def;odl;idl;hpj;bat;asm;asmx</Extensions>
    </Filter>
    <Filter Include="Header Files">
      <UniqueIdentifier>{93995380-89BD-4b04-88EB-625FBE52EBFB}</UniqueIdentifier>
      <Extensions>h;hh;hpp;hxx;h++;hm;inl;inc;ipp;xsd</Extensions>
    </Filter>
    <Filter Include="Resource Files">
      <UniqueIdentifier>{67DA6AB6-F800-4c08-8B7A-83BB121AAD01}</UniqueIdentifier>
      <Extensions>rc;ico;cur;bmp;dlg;rc2;rct;bin;rgs;gif;jpg;jpeg;jpe;resx;tiff;tif;png;wav;mfcribbon-ms</Extensions>
    </Filter>
    <Filter Include="Source Files\ImGUI">
      <UniqueIdentifier>{fd4a35f3-7115-4c24-925b-3a86590c72bb}</UniqueIdentifier>
    </Filter>
    <Filter Include="Header Files\ImGUI">
      <UniqueIdentifier>{9aed489c-0ba4-4dc5-aef8-a3ef7150208b}</UniqueIdentifier>
    </Filter>
    <Filter Include="Header Files\Components">
      <UniqueIdentifier>{201567f2-8b68-459d-9d6d-7c920ec44840}</UniqueIdentifier>
    </Filter>
  </ItemGroup>
  <ItemGroup>
    <ClCompile Include="Mug.cpp">
      <Filter>Source Files</Filter>
    </ClCompile>
    <ClCompile Include="dependencies\ImGUI\imgui_draw.cpp">
      <Filter>Source Files\ImGUI</Filter>
    </ClCompile>
    <ClCompile Include="dependencies\ImGUI\imgui_impl_glfw.cpp">
      <Filter>Source Files\ImGUI</Filter>
    </ClCompile>
    <ClCompile Include="dependencies\ImGUI\imgui_impl_opengl3.cpp">
      <Filter>Source Files\ImGUI</Filter>
    </ClCompile>
    <ClCompile Include="dependencies\ImGUI\imgui_tables.cpp">
      <Filter>Source Files\ImGUI</Filter>
    </ClCompile>
    <ClCompile Include="dependencies\ImGUI\imgui_widgets.cpp">
      <Filter>Source Files\ImGUI</Filter>
    </ClCompile>
    <ClCompile Include="dependencies\ImGUI\rlImGui.cpp">
      <Filter>Source Files\ImGUI</Filter>
    </ClCompile>
    <ClCompile Include="dependencies\ImGUI\imgui.cpp">
      <Filter>Source Files\ImGUI</Filter>
    </ClCompile>
    <ClCompile Include="dependencies\ImGUI\imgui_demo.cpp">
      <Filter>Source Files\ImGUI</Filter>
    </ClCompile>
    <ClCompile Include="GameObject.cpp">
      <Filter>Source Files</Filter>
    </ClCompile>
    <ClCompile Include="Texture.cpp">
      <Filter>Source Files</Filter>
    </ClCompile>
    <ClCompile Include="Input.cpp">
      <Filter>Source Files</Filter>
    </ClCompile>
    <ClCompile Include="UniquePointer.cpp">
      <Filter>Source Files</Filter>
    </ClCompile>
    <ClCompile Include="DoubleEndedStackAllocator.cpp">
      <Filter>Source Files</Filter>
    </ClCompile>
    <ClCompile Include="StackAllocator.cpp">
      <Filter>Source Files</Filter>
    </ClCompile>
    <ClCompile Include="RenderSystem.cpp">
      <Filter>Source Files</Filter>
    </ClCompile>
    <ClCompile Include="Core.cpp">
      <Filter>Source Files</Filter>
    </ClCompile>
    <ClCompile Include="Entry.cpp">
      <Filter>Source Files</Filter>
    </ClCompile>
    <ClCompile Include="Audio.cpp">
      <Filter>Source Files</Filter>
    </ClCompile>
    <ClCompile Include="Component.cpp">
      <Filter>Source Files</Filter>
    </ClCompile>
    <ClCompile Include="SpriteComponent.cpp">
      <Filter>Source Files</Filter>
    </ClCompile>
    <ClCompile Include="TransformComponent.cpp">
      <Filter>Source Files</Filter>
    </ClCompile>
    <ClCompile Include="InputComponent.cpp">
      <Filter>Source Files</Filter>
    </ClCompile>
  </ItemGroup>
  <ItemGroup>
    <ClInclude Include="dependencies\ImGUI\rlImGui.h">
      <Filter>Header Files\ImGUI</Filter>
    </ClInclude>
    <ClInclude Include="dependencies\ImGUI\rlImGuiColors.h">
      <Filter>Header Files\ImGUI</Filter>
    </ClInclude>
    <ClInclude Include="dependencies\ImGUI\imconfig.h">
      <Filter>Header Files\ImGUI</Filter>
    </ClInclude>
    <ClInclude Include="dependencies\ImGUI\imgui.h">
      <Filter>Header Files\ImGUI</Filter>
    </ClInclude>
    <ClInclude Include="dependencies\ImGUI\imgui_impl_glfw.h">
      <Filter>Header Files\ImGUI</Filter>
    </ClInclude>
    <ClInclude Include="dependencies\ImGUI\imgui_impl_opengl3.h">
      <Filter>Header Files\ImGUI</Filter>
    </ClInclude>
    <ClInclude Include="dependencies\ImGUI\imgui_impl_opengl3_loader.h">
      <Filter>Header Files\ImGUI</Filter>
    </ClInclude>
    <ClInclude Include="dependencies\ImGUI\imgui_impl_raylib.h">
      <Filter>Header Files\ImGUI</Filter>
    </ClInclude>
    <ClInclude Include="dependencies\ImGUI\imgui_internal.h">
      <Filter>Header Files\ImGUI</Filter>
    </ClInclude>
    <ClInclude Include="dependencies\ImGUI\imstb_rectpack.h">
      <Filter>Header Files\ImGUI</Filter>
    </ClInclude>
    <ClInclude Include="dependencies\ImGUI\imstb_textedit.h">
      <Filter>Header Files\ImGUI</Filter>
    </ClInclude>
    <ClInclude Include="dependencies\ImGUI\imstb_truetype.h">
      <Filter>Header Files\ImGUI</Filter>
    </ClInclude>
    <ClInclude Include="GameObject.h">
      <Filter>Header Files</Filter>
    </ClInclude>
    <ClInclude Include="Input.h">
      <Filter>Header Files</Filter>
    </ClInclude>
    <ClInclude Include="UniquePointer.h">
      <Filter>Header Files</Filter>
    </ClInclude>
    <ClInclude Include="DoubleEndedStackAllocator.h">
      <Filter>Header Files</Filter>
    </ClInclude>
    <ClInclude Include="StackAllocator.h">
      <Filter>Header Files</Filter>
    </ClInclude>
    <ClInclude Include="Texture.h">
      <Filter>Header Files</Filter>
    </ClInclude>
    <ClInclude Include="RenderSystem.h">
      <Filter>Header Files</Filter>
    </ClInclude>
    <ClInclude Include="Mug.h">
      <Filter>Header Files</Filter>
    </ClInclude>
    <ClInclude Include="Application.h">
      <Filter>Header Files</Filter>
    </ClInclude>
    <ClInclude Include="Core.h">
      <Filter>Header Files</Filter>
    </ClInclude>
    <ClInclude Include="Audio.h">
      <Filter>Header Files</Filter>
    </ClInclude>
    <ClInclude Include="Component.h">
      <Filter>Header Files</Filter>
    </ClInclude>
    <ClInclude Include="InputComponent.h">
      <Filter>Header Files\Components</Filter>
    </ClInclude>
    <ClInclude Include="SpriteComponent.h">
      <Filter>Header Files\Components</Filter>
    </ClInclude>
    <ClInclude Include="TransformComponent.h">
      <Filter>Header Files\Components</Filter>
    </ClInclude>
  </ItemGroup>
</Project>